
Microsoft Visual Studio Solution File, Format Version 12.00
# Visual Studio 2013
VisualStudioVersion = 12.0.30501.0
MinimumVisualStudioVersion = 10.0.40219.1
Project("{2150E333-8FDC-42A3-9474-1A3956D46DE8}") = "AdapterBasedAuthWin8", "AdapterBasedAuthWin8", "{356B65F9-9860-4DA5-9067-35E54E9A3BA1}"
EndProject
Project("{D954291E-2A0B-460D-934E-DC6B0785DB48}") = "AdapterBasedAuthWin8.Shared", "AdapterBasedAuthWin8\AdapterBasedAuthWin8.Shared\AdapterBasedAuthWin8.Shared.shproj", "{4A89A1B2-4F9E-4569-AADB-7E075C0F8E92}"
EndProject
Project("{FAE04EC0-301F-11D3-BF4B-00C04F79EFBC}") = "AdapterBasedAuthWin8.Windows", "AdapterBasedAuthWin8\AdapterBasedAuthWin8.Windows\AdapterBasedAuthWin8.Windows.csproj", "{0F6D670D-E025-4E8B-B6F5-A2EA30BCD524}"
EndProject
Global
	GlobalSection(SharedMSBuildProjectFiles) = preSolution
		AdapterBasedAuthWin8\AdapterBasedAuthWin8.Shared\AdapterBasedAuthWin8.Shared.projitems*{0f6d670d-e025-4e8b-b6f5-a2ea30bcd524}*SharedItemsImports = 4
		AdapterBasedAuthWin8\AdapterBasedAuthWin8.Shared\AdapterBasedAuthWin8.Shared.projitems*{4a89a1b2-4f9e-4569-aadb-7e075c0f8e92}*SharedItemsImports = 13
	EndGlobalSection
	GlobalSection(SolutionConfigurationPlatforms) = preSolution
		Debug|Any CPU = Debug|Any CPU
		Debug|ARM = Debug|ARM
		Debug|x64 = Debug|x64
		Debug|x86 = Debug|x86
		Release|Any CPU = Release|Any CPU
		Release|ARM = Release|ARM
		Release|x64 = Release|x64
		Release|x86 = Release|x86
	EndGlobalSection
	GlobalSection(ProjectConfigurationPlatforms) = postSolution
		{0F6D670D-E025-4E8B-B6F5-A2EA30BCD524}.Debug|Any CPU.ActiveCfg = Debug|Any CPU
		{0F6D670D-E025-4E8B-B6F5-A2EA30BCD524}.Debug|Any CPU.Build.0 = Debug|Any CPU
		{0F6D670D-E025-4E8B-B6F5-A2EA30BCD524}.Debug|Any CPU.Deploy.0 = Debug|Any CPU
		{0F6D670D-E025-4E8B-B6F5-A2EA30BCD524}.Debug|ARM.ActiveCfg = Debug|ARM
		{0F6D670D-E025-4E8B-B6F5-A2EA30BCD524}.Debug|ARM.Build.0 = Debug|ARM
		{0F6D670D-E025-4E8B-B6F5-A2EA30BCD524}.Debug|ARM.Deploy.0 = Debug|ARM
		{0F6D670D-E025-4E8B-B6F5-A2EA30BCD524}.Debug|x64.ActiveCfg = Debug|x64
		{0F6D670D-E025-4E8B-B6F5-A2EA30BCD524}.Debug|x64.Build.0 = Debug|x64
		{0F6D670D-E025-4E8B-B6F5-A2EA30BCD524}.Debug|x64.Deploy.0 = Debug|x64
		{0F6D670D-E025-4E8B-B6F5-A2EA30BCD524}.Debug|x86.ActiveCfg = Debug|x86
		{0F6D670D-E025-4E8B-B6F5-A2EA30BCD524}.Debug|x86.Build.0 = Debug|x86
		{0F6D670D-E025-4E8B-B6F5-A2EA30BCD524}.Debug|x86.Deploy.0 = Debug|x86
		{0F6D670D-E025-4E8B-B6F5-A2EA30BCD524}.Release|Any CPU.ActiveCfg = Release|Any CPU
		{0F6D670D-E025-4E8B-B6F5-A2EA30BCD524}.Release|Any CPU.Build.0 = Release|Any CPU
		{0F6D670D-E025-4E8B-B6F5-A2EA30BCD524}.Release|Any CPU.Deploy.0 = Release|Any CPU
		{0F6D670D-E025-4E8B-B6F5-A2EA30BCD524}.Release|ARM.ActiveCfg = Release|ARM
		{0F6D670D-E025-4E8B-B6F5-A2EA30BCD524}.Release|ARM.Build.0 = Release|ARM
		{0F6D670D-E025-4E8B-B6F5-A2EA30BCD524}.Release|ARM.Deploy.0 = Release|ARM
		{0F6D670D-E025-4E8B-B6F5-A2EA30BCD524}.Release|x64.ActiveCfg = Release|x64
		{0F6D670D-E025-4E8B-B6F5-A2EA30BCD524}.Release|x64.Build.0 = Release|x64
		{0F6D670D-E025-4E8B-B6F5-A2EA30BCD524}.Release|x64.Deploy.0 = Release|x64
		{0F6D670D-E025-4E8B-B6F5-A2EA30BCD524}.Release|x86.ActiveCfg = Release|x86
		{0F6D670D-E025-4E8B-B6F5-A2EA30BCD524}.Release|x86.Build.0 = Release|x86
		{0F6D670D-E025-4E8B-B6F5-A2EA30BCD524}.Release|x86.Deploy.0 = Release|x86
	EndGlobalSection
	GlobalSection(SolutionProperties) = preSolution
		HideSolutionNode = FALSE
	EndGlobalSection
	GlobalSection(NestedProjects) = preSolution
		{4A89A1B2-4F9E-4569-AADB-7E075C0F8E92} = {356B65F9-9860-4DA5-9067-35E54E9A3BA1}
		{0F6D670D-E025-4E8B-B6F5-A2EA30BCD524} = {356B65F9-9860-4DA5-9067-35E54E9A3BA1}
	EndGlobalSection
EndGlobal
